
Microsoft Visual Studio Solution File, Format Version 12.00
# Visual Studio Version 17
VisualStudioVersion = 17.10.35004.147
MinimumVisualStudioVersion = 10.0.40219.1
Project("{FAE04EC0-301F-11D3-BF4B-00C04F79EFBC}") = "CrudUbicaciones_AMGD", "CrudUbicaciones_AMGD.csproj", "{44A088B6-49FF-4D79-A709-38E0F282701A}"
EndProject
Project("{FAE04EC0-301F-11D3-BF4B-00C04F79EFBC}") = "BLL", "..\BLL\BLL.csproj", "{7C63563F-A668-4B13-9346-2485AE6AC3B2}"
EndProject
Project("{FAE04EC0-301F-11D3-BF4B-00C04F79EFBC}") = "DAL", "..\DAL\DAL.csproj", "{F31D40D4-B240-41FC-B6DA-61D56663F5FF}"
EndProject
Global
	GlobalSection(SolutionConfigurationPlatforms) = preSolution
		Debug|Any CPU = Debug|Any CPU
		Release|Any CPU = Release|Any CPU
	EndGlobalSection
	GlobalSection(ProjectConfigurationPlatforms) = postSolution
		{44A088B6-49FF-4D79-A709-38E0F282701A}.Debug|Any CPU.ActiveCfg = Debug|Any CPU
		{44A088B6-49FF-4D79-A709-38E0F282701A}.Debug|Any CPU.Build.0 = Debug|Any CPU
		{44A088B6-49FF-4D79-A709-38E0F282701A}.Release|Any CPU.ActiveCfg = Release|Any CPU
		{44A088B6-49FF-4D79-A709-38E0F282701A}.Release|Any CPU.Build.0 = Release|Any CPU
		{7C63563F-A668-4B13-9346-2485AE6AC3B2}.Debug|Any CPU.ActiveCfg = Debug|Any CPU
		{7C63563F-A668-4B13-9346-2485AE6AC3B2}.Debug|Any CPU.Build.0 = Debug|Any CPU
		{7C63563F-A668-4B13-9346-2485AE6AC3B2}.Release|Any CPU.ActiveCfg = Release|Any CPU
		{7C63563F-A668-4B13-9346-2485AE6AC3B2}.Release|Any CPU.Build.0 = Release|Any CPU
		{F31D40D4-B240-41FC-B6DA-61D56663F5FF}.Debug|Any CPU.ActiveCfg = Debug|Any CPU
		{F31D40D4-B240-41FC-B6DA-61D56663F5FF}.Debug|Any CPU.Build.0 = Debug|Any CPU
		{F31D40D4-B240-41FC-B6DA-61D56663F5FF}.Release|Any CPU.ActiveCfg = Release|Any CPU
		{F31D40D4-B240-41FC-B6DA-61D56663F5FF}.Release|Any CPU.Build.0 = Release|Any CPU
	EndGlobalSection
	GlobalSection(SolutionProperties) = preSolution
		HideSolutionNode = FALSE
	EndGlobalSection
	GlobalSection(ExtensibilityGlobals) = postSolution
		SolutionGuid = {A5E44ABC-70F2-4BD1-B83D-23B2458D1405}
	EndGlobalSection
EndGlobal
